{
  "requires": true,
  "lockfileVersion": 1,
  "dependencies": {
    "jquery-custom-select": {
      "version": "1.6.4",
      "resolved": "https://registry.npmjs.org/jquery-custom-select/-/jquery-custom-select-1.6.4.tgz",
      "integrity": "sha512-1oBPrzxOcMLedxo5XWa3zgX69nYms7YGSP2UVoeZNwzWE5TOe+kS98pz9Bk3pgYykow718g/+Azsn7bu6JjTUA=="
    }
  }
}
